
Microsoft Visual Studio Solution File, Format Version 12.00
# Visual Studio Version 16
VisualStudioVersion = 16.0.30225.117
MinimumVisualStudioVersion = 10.0.40219.1
Project("{2150E333-8FDC-42A3-9474-1A3956D46DE8}") = "Resources", "Resources", "{BB1C79F5-DBDF-4150-A418-EED5DE13F3F0}"
	ProjectSection(SolutionItems) = preProject
		..\..\cqrs_user_get.sql = ..\..\cqrs_user_get.sql
		..\..\tb_user.sql = ..\..\tb_user.sql
	EndProjectSection
EndProject
Project("{9A19103F-16F7-4668-BE54-9A1E7A4F7556}") = "Crm.Api", "Crm.Api\Crm.Api.csproj", "{7637C5D5-3A9F-4CC4-8C95-67634E435808}"
EndProject
Project("{9A19103F-16F7-4668-BE54-9A1E7A4F7556}") = "Crm.Application", "Crm.Application\Crm.Application.csproj", "{E871E463-7D48-48D0-9DD5-26BCBC71BF1E}"
EndProject
Project("{9A19103F-16F7-4668-BE54-9A1E7A4F7556}") = "Crm.Domain", "Crm.Domain\Crm.Domain.csproj", "{E1C4CFFA-D99C-4563-823C-4C5A3DF3B2FE}"
EndProject
Project("{9A19103F-16F7-4668-BE54-9A1E7A4F7556}") = "Crm.Infrastructure", "Crm.Infrastructure\Crm.Infrastructure.csproj", "{F4794F88-806D-40EE-89F0-093F58807DBB}"
EndProject
Global
	GlobalSection(SolutionConfigurationPlatforms) = preSolution
		Debug|Any CPU = Debug|Any CPU
		Release|Any CPU = Release|Any CPU
	EndGlobalSection
	GlobalSection(ProjectConfigurationPlatforms) = postSolution
		{7637C5D5-3A9F-4CC4-8C95-67634E435808}.Debug|Any CPU.ActiveCfg = Debug|Any CPU
		{7637C5D5-3A9F-4CC4-8C95-67634E435808}.Debug|Any CPU.Build.0 = Debug|Any CPU
		{7637C5D5-3A9F-4CC4-8C95-67634E435808}.Release|Any CPU.ActiveCfg = Release|Any CPU
		{7637C5D5-3A9F-4CC4-8C95-67634E435808}.Release|Any CPU.Build.0 = Release|Any CPU
		{E871E463-7D48-48D0-9DD5-26BCBC71BF1E}.Debug|Any CPU.ActiveCfg = Debug|Any CPU
		{E871E463-7D48-48D0-9DD5-26BCBC71BF1E}.Debug|Any CPU.Build.0 = Debug|Any CPU
		{E871E463-7D48-48D0-9DD5-26BCBC71BF1E}.Release|Any CPU.ActiveCfg = Release|Any CPU
		{E871E463-7D48-48D0-9DD5-26BCBC71BF1E}.Release|Any CPU.Build.0 = Release|Any CPU
		{E1C4CFFA-D99C-4563-823C-4C5A3DF3B2FE}.Debug|Any CPU.ActiveCfg = Debug|Any CPU
		{E1C4CFFA-D99C-4563-823C-4C5A3DF3B2FE}.Debug|Any CPU.Build.0 = Debug|Any CPU
		{E1C4CFFA-D99C-4563-823C-4C5A3DF3B2FE}.Release|Any CPU.ActiveCfg = Release|Any CPU
		{E1C4CFFA-D99C-4563-823C-4C5A3DF3B2FE}.Release|Any CPU.Build.0 = Release|Any CPU
		{F4794F88-806D-40EE-89F0-093F58807DBB}.Debug|Any CPU.ActiveCfg = Debug|Any CPU
		{F4794F88-806D-40EE-89F0-093F58807DBB}.Debug|Any CPU.Build.0 = Debug|Any CPU
		{F4794F88-806D-40EE-89F0-093F58807DBB}.Release|Any CPU.ActiveCfg = Release|Any CPU
		{F4794F88-806D-40EE-89F0-093F58807DBB}.Release|Any CPU.Build.0 = Release|Any CPU
	EndGlobalSection
	GlobalSection(SolutionProperties) = preSolution
		HideSolutionNode = FALSE
	EndGlobalSection
	GlobalSection(ExtensibilityGlobals) = postSolution
		SolutionGuid = {C6F166CD-6EB0-4A29-8A47-8E7D2E545048}
	EndGlobalSection
EndGlobal
